
Microsoft Visual Studio Solution File, Format Version 12.00
# Visual Studio 15
VisualStudioVersion = 15.0.28307.539
MinimumVisualStudioVersion = 10.0.40219.1
Project("{FAE04EC0-301F-11D3-BF4B-00C04F79EFBC}") = "Entidades", "Entidades\Entidades.csproj", "{646D7918-B04E-4F64-8BCE-39FBC97FD01B}"
EndProject
Project("{FAE04EC0-301F-11D3-BF4B-00C04F79EFBC}") = "MiCalculadora", "MiCaluladora\MiCalculadora.csproj", "{92231C32-1631-4F04-B744-958338333B7D}"
EndProject
Global
	GlobalSection(SolutionConfigurationPlatforms) = preSolution
		Debug|Any CPU = Debug|Any CPU
		Release|Any CPU = Release|Any CPU
	EndGlobalSection
	GlobalSection(ProjectConfigurationPlatforms) = postSolution
		{646D7918-B04E-4F64-8BCE-39FBC97FD01B}.Debug|Any CPU.ActiveCfg = Debug|Any CPU
		{646D7918-B04E-4F64-8BCE-39FBC97FD01B}.Debug|Any CPU.Build.0 = Debug|Any CPU
		{646D7918-B04E-4F64-8BCE-39FBC97FD01B}.Release|Any CPU.ActiveCfg = Release|Any CPU
		{646D7918-B04E-4F64-8BCE-39FBC97FD01B}.Release|Any CPU.Build.0 = Release|Any CPU
		{92231C32-1631-4F04-B744-958338333B7D}.Debug|Any CPU.ActiveCfg = Debug|Any CPU
		{92231C32-1631-4F04-B744-958338333B7D}.Debug|Any CPU.Build.0 = Debug|Any CPU
		{92231C32-1631-4F04-B744-958338333B7D}.Release|Any CPU.ActiveCfg = Release|Any CPU
		{92231C32-1631-4F04-B744-958338333B7D}.Release|Any CPU.Build.0 = Release|Any CPU
	EndGlobalSection
	GlobalSection(SolutionProperties) = preSolution
		HideSolutionNode = FALSE
	EndGlobalSection
	GlobalSection(ExtensibilityGlobals) = postSolution
		SolutionGuid = {D9D29A9E-8578-40F3-87FF-0DF3936A9C8F}
	EndGlobalSection
EndGlobal
